// !$*UTF8*$!
{
	archiveVersion = 1;
	classes = {
	};
	objectVersion = 56;
	objects = {

/* Begin PBXBuildFile section */
		A9076F8E292E73F1006871DA /* AppDelegate.swift in Sources */ = {isa = PBXBuildFile; fileRef = A9076F8D292E73F1006871DA /* AppDelegate.swift */; };
		A9076F90292E73F1006871DA /* SceneDelegate.swift in Sources */ = {isa = PBXBuildFile; fileRef = A9076F8F292E73F1006871DA /* SceneDelegate.swift */; };
		A9076F95292E73F1006871DA /* Main.storyboard in Resources */ = {isa = PBXBuildFile; fileRef = A9076F93292E73F1006871DA /* Main.storyboard */; };
		A9076F97292E73F2006871DA /* Assets.xcassets in Resources */ = {isa = PBXBuildFile; fileRef = A9076F96292E73F2006871DA /* Assets.xcassets */; };
		A9076F9A292E73F2006871DA /* LaunchScreen.storyboard in Resources */ = {isa = PBXBuildFile; fileRef = A9076F98292E73F2006871DA /* LaunchScreen.storyboard */; };
		A9076FA2292E7492006871DA /* TaskTableViewController.swift in Sources */ = {isa = PBXBuildFile; fileRef = A9076FA1292E7492006871DA /* TaskTableViewController.swift */; };
		A9076FA6292E76B2006871DA /* TaskViewController.swift in Sources */ = {isa = PBXBuildFile; fileRef = A9076FA5292E76B2006871DA /* TaskViewController.swift */; };
		A9076FA8292E7D78006871DA /* EntryViewController.swift in Sources */ = {isa = PBXBuildFile; fileRef = A9076FA7292E7D78006871DA /* EntryViewController.swift */; };
/* End PBXBuildFile section */

/* Begin PBXFileReference section */
		A9076F8A292E73F1006871DA /* PersistanceToDoListProject.app */ = {isa = PBXFileReference; explicitFileType = wrapper.application; includeInIndex = 0; path = PersistanceToDoListProject.app; sourceTree = BUILT_PRODUCTS_DIR; };
		A9076F8D292E73F1006871DA /* AppDelegate.swift */ = {isa = PBXFileReference; lastKnownFileType = sourcecode.swift; path = AppDelegate.swift; sourceTree = "<group>"; };
		A9076F8F292E73F1006871DA /* SceneDelegate.swift */ = {isa = PBXFileReference; lastKnownFileType = sourcecode.swift; path = SceneDelegate.swift; sourceTree = "<group>"; };
		A9076F94292E73F1006871DA /* Base */ = {isa = PBXFileReference; lastKnownFileType = file.storyboard; name = Base; path = Base.lproj/Main.storyboard; sourceTree = "<group>"; };
		A9076F96292E73F2006871DA /* Assets.xcassets */ = {isa = PBXFileReference; lastKnownFileType = folder.assetcatalog; path = Assets.xcassets; sourceTree = "<group>"; };
		A9076F99292E73F2006871DA /* Base */ = {isa = PBXFileReference; lastKnownFileType = file.storyboard; name = Base; path = Base.lproj/LaunchScreen.storyboard; sourceTree = "<group>"; };
		A9076F9B292E73F2006871DA /* Info.plist */ = {isa = PBXFileReference; lastKnownFileType = text.plist.xml; path = Info.plist; sourceTree = "<group>"; };
		A9076FA1292E7492006871DA /* TaskTableViewController.swift */ = {isa = PBXFileReference; lastKnownFileType = sourcecode.swift; path = TaskTableViewController.swift; sourceTree = "<group>"; };
		A9076FA5292E76B2006871DA /* TaskViewController.swift */ = {isa = PBXFileReference; lastKnownFileType = sourcecode.swift; path = TaskViewController.swift; sourceTree = "<group>"; };
		A9076FA7292E7D78006871DA /* EntryViewController.swift */ = {isa = PBXFileReference; lastKnownFileType = sourcecode.swift; path = EntryViewController.swift; sourceTree = "<group>"; };
/* End PBXFileReference section */

/* Begin PBXFrameworksBuildPhase section */
		A9076F87292E73F1006871DA /* Frameworks */ = {
			isa = PBXFrameworksBuildPhase;
			buildActionMask = 2147483647;
			files = (
			);
			runOnlyForDeploymentPostprocessing = 0;
		};
/* End PBXFrameworksBuildPhase section */

/* Begin PBXGroup section */
		A9076F81292E73F1006871DA = {
			isa = PBXGroup;
			children = (
				A9076F8C292E73F1006871DA /* PersistanceToDoListProject */,
				A9076F8B292E73F1006871DA /* Products */,
			);
			sourceTree = "<group>";
		};
		A9076F8B292E73F1006871DA /* Products */ = {
			isa = PBXGroup;
			children = (
				A9076F8A292E73F1006871DA /* PersistanceToDoListProject.app */,
			);
			name = Products;
			sourceTree = "<group>";
		};
		A9076F8C292E73F1006871DA /* PersistanceToDoListProject */ = {
			isa = PBXGroup;
			children = (
				A9076F8D292E73F1006871DA /* AppDelegate.swift */,
				A9076F8F292E73F1006871DA /* SceneDelegate.swift */,
				A9076F93292E73F1006871DA /* Main.storyboard */,
				A9076F96292E73F2006871DA /* Assets.xcassets */,
				A9076F98292E73F2006871DA /* LaunchScreen.storyboard */,
				A9076F9B292E73F2006871DA /* Info.plist */,
				A9076FA1292E7492006871DA /* TaskTableViewController.swift */,
				A9076FA7292E7D78006871DA /* EntryViewController.swift */,
				A9076FA5292E76B2006871DA /* TaskViewController.swift */,
			);
			path = PersistanceToDoListProject;
			sourceTree = "<group>";
		};
/* End PBXGroup section */

/* Begin PBXNativeTarget section */
		A9076F89292E73F1006871DA /* PersistanceToDoListProject */ = {
			isa = PBXNativeTarget;
			buildConfigurationList = A9076F9E292E73F2006871DA /* Build configuration list for PBXNativeTarget "PersistanceToDoListProject" */;
			buildPhases = (
				A9076F86292E73F1006871DA /* Sources */,
				A9076F87292E73F1006871DA /* Frameworks */,
				A9076F88292E73F1006871DA /* Resources */,
			);
			buildRules = (
			);
			dependencies = (
			);
			name = PersistanceToDoListProject;
			productName = PersistanceToDoListProject;
			productReference = A9076F8A292E73F1006871DA /* PersistanceToDoListProject.app */;
			productType = "com.apple.product-type.application";
		};
/* End PBXNativeTarget section */

/* Begin PBXProject section */
		A9076F82292E73F1006871DA /* Project object */ = {
			isa = PBXProject;
			attributes = {
				BuildIndependentTargetsInParallel = 1;
				LastSwiftUpdateCheck = 1410;
				LastUpgradeCheck = 1410;
				TargetAttributes = {
					A9076F89292E73F1006871DA = {
						CreatedOnToolsVersion = 14.1;
					};
				};
			};
			buildConfigurationList = A9076F85292E73F1006871DA /* Build configuration list for PBXProject "PersistanceToDoListProject" */;
			compatibilityVersion = "Xcode 14.0";
			developmentRegion = en;
			hasScannedForEncodings = 0;
			knownRegions = (
				en,
				Base,
			);
			mainGroup = A9076F81292E73F1006871DA;
			productRefGroup = A9076F8B292E73F1006871DA /* Products */;
			projectDirPath = "";
			projectRoot = "";
			targets = (
				A9076F89292E73F1006871DA /* PersistanceToDoListProject */,
			);
		};
/* End PBXProject section */

/* Begin PBXResourcesBuildPhase section */
		A9076F88292E73F1006871DA /* Resources */ = {
			isa = PBXResourcesBuildPhase;
			buildActionMask = 2147483647;
			files = (
				A9076F9A292E73F2006871DA /* LaunchScreen.storyboard in Resources */,
				A9076F97292E73F2006871DA /* Assets.xcassets in Resources */,
				A9076F95292E73F1006871DA /* Main.storyboard in Resources */,
			);
			runOnlyForDeploymentPostprocessing = 0;
		};
/* End PBXResourcesBuildPhase section */

/* Begin PBXSourcesBuildPhase section */
		A9076F86292E73F1006871DA /* Sources */ = {
			isa = PBXSourcesBuildPhase;
			buildActionMask = 2147483647;
			files = (
				A9076FA2292E7492006871DA /* TaskTableViewController.swift in Sources */,
				A9076FA8292E7D78006871DA /* EntryViewController.swift in Sources */,
				A9076FA6292E76B2006871DA /* TaskViewController.swift in Sources */,
				A9076F8E292E73F1006871DA /* AppDelegate.swift in Sources */,
				A9076F90292E73F1006871DA /* SceneDelegate.swift in Sources */,
			);
			runOnlyForDeploymentPostprocessing = 0;
		};
/* End PBXSourcesBuildPhase section */

/* Begin PBXVariantGroup section */
		A9076F93292E73F1006871DA /* Main.storyboard */ = {
			isa = PBXVariantGroup;
			children = (
				A9076F94292E73F1006871DA /* Base */,
			);
			name = Main.storyboard;
			sourceTree = "<group>";
		};
		A9076F98292E73F2006871DA /* LaunchScreen.storyboard */ = {
			isa = PBXVariantGroup;
			children = (
				A9076F99292E73F2006871DA /* Base */,
			);
			name = LaunchScreen.storyboard;
			sourceTree = "<group>";
		};
/* End PBXVariantGroup section */

/* Begin XCBuildConfiguration section */
		A9076F9C292E73F2006871DA /* Debug */ = {
			isa = XCBuildConfiguration;
			buildSettings = {
				ALWAYS_SEARCH_USER_PATHS = NO;
				CLANG_ANALYZER_NONNULL = YES;
				CLANG_ANALYZER_NUMBER_OBJECT_CONVERSION = YES_AGGRESSIVE;
				CLANG_CXX_LANGUAGE_STANDARD = "gnu++20";
				CLANG_ENABLE_MODULES = YES;
				CLANG_ENABLE_OBJC_ARC = YES;
				CLANG_ENABLE_OBJC_WEAK = YES;
				CLANG_WARN_BLOCK_CAPTURE_AUTORELEASING = YES;
				CLANG_WARN_BOOL_CONVERSION = YES;
				CLANG_WARN_COMMA = YES;
				CLANG_WARN_CONSTANT_CONVERSION = YES;
				CLANG_WARN_DEPRECATED_OBJC_IMPLEMENTATIONS = YES;
				CLANG_WARN_DIRECT_OBJC_ISA_USAGE = YES_ERROR;
				CLANG_WARN_DOCUMENTATION_COMMENTS = YES;
				CLANG_WARN_EMPTY_BODY = YES;
				CLANG_WARN_ENUM_CONVERSION = YES;
				CLANG_WARN_INFINITE_RECURSION = YES;
				CLANG_WARN_INT_CONVERSION = YES;
				CLANG_WARN_NON_LITERAL_NULL_CONVERSION = YES;
				CLANG_WARN_OBJC_IMPLICIT_RETAIN_SELF = YES;
				CLANG_WARN_OBJC_LITERAL_CONVERSION = YES;
				CLANG_WARN_OBJC_ROOT_CLASS = YES_ERROR;
				CLANG_WARN_QUOTED_INCLUDE_IN_FRAMEWORK_HEADER = YES;
				CLANG_WARN_RANGE_LOOP_ANALYSIS = YES;
				CLANG_WARN_STRICT_PROTOTYPES = YES;
				CLANG_WARN_SUSPICIOUS_MOVE = YES;
				CLANG_WARN_UNGUARDED_AVAILABILITY = YES_AGGRESSIVE;
				CLANG_WARN_UNREACHABLE_CODE = YES;
				CLANG_WARN__DUPLICATE_METHOD_MATCH = YES;
				COPY_PHASE_STRIP = NO;
				DEBUG_INFORMATION_FORMAT = dwarf;
				ENABLE_STRICT_OBJC_MSGSEND = YES;
				ENABLE_TESTABILITY = YES;
				GCC_C_LANGUAGE_STANDARD = gnu11;
				GCC_DYNAMIC_NO_PIC = NO;
				GCC_NO_COMMON_BLOCKS = YES;
				GCC_OPTIMIZATION_LEVEL = 0;
				GCC_PREPROCESSOR_DEFINITIONS = (
					"DEBUG=1",
					"$(inherited)",
				);
				GCC_WARN_64_TO_32_BIT_CONVERSION = YES;
				GCC_WARN_ABOUT_RETURN_TYPE = YES_ERROR;
				GCC_WARN_UNDECLARED_SELECTOR = YES;
				GCC_WARN_UNINITIALIZED_AUTOS = YES_AGGRESSIVE;
				GCC_WARN_UNUSED_FUNCTION = YES;
				GCC_WARN_UNUSED_VARIABLE = YES;
				IPHONEOS_DEPLOYMENT_TARGET = 16.1;
				MTL_ENABLE_DEBUG_INFO = INCLUDE_SOURCE;
				MTL_FAST_MATH = YES;
				ONLY_ACTIVE_ARCH = YES;
				SDKROOT = iphoneos;
				SWIFT_ACTIVE_COMPILATION_CONDITIONS = DEBUG;
				SWIFT_OPTIMIZATION_LEVEL = "-Onone";
			};
			name = Debug;
		};
		A9076F9D292E73F2006871DA /* Release */ = {
			isa = XCBuildConfiguration;
			buildSettings = {
				ALWAYS_SEARCH_USER_PATHS = NO;
				CLANG_ANALYZER_NONNULL = YES;
				CLANG_ANALYZER_NUMBER_OBJECT_CONVERSION = YES_AGGRESSIVE;
				CLANG_CXX_LANGUAGE_STANDARD = "gnu++20";
				CLANG_ENABLE_MODULES = YES;
				CLANG_ENABLE_OBJC_ARC = YES;
				CLANG_ENABLE_OBJC_WEAK = YES;
				CLANG_WARN_BLOCK_CAPTURE_AUTORELEASING = YES;
				CLANG_WARN_BOOL_CONVERSION = YES;
				CLANG_WARN_COMMA = YES;
				CLANG_WARN_CONSTANT_CONVERSION = YES;
				CLANG_WARN_DEPRECATED_OBJC_IMPLEMENTATIONS = YES;
				CLANG_WARN_DIRECT_OBJC_ISA_USAGE = YES_ERROR;
				CLANG_WARN_DOCUMENTATION_COMMENTS = YES;
				CLANG_WARN_EMPTY_BODY = YES;
				CLANG_WARN_ENUM_CONVERSION = YES;
				CLANG_WARN_INFINITE_RECURSION = YES;
				CLANG_WARN_INT_CONVERSION = YES;
				CLANG_WARN_NON_LITERAL_NULL_CONVERSION = YES;
				CLANG_WARN_OBJC_IMPLICIT_RETAIN_SELF = YES;
				CLANG_WARN_OBJC_LITERAL_CONVERSION = YES;
				CLANG_WARN_OBJC_ROOT_CLASS = YES_ERROR;
				CLANG_WARN_QUOTED_INCLUDE_IN_FRAMEWORK_HEADER = YES;
				CLANG_WARN_RANGE_LOOP_ANALYSIS = YES;
				CLANG_WARN_STRICT_PROTOTYPES = YES;
				CLANG_WARN_SUSPICIOUS_MOVE = YES;
				CLANG_WARN_UNGUARDED_AVAILABILITY = YES_AGGRESSIVE;
				CLANG_WARN_UNREACHABLE_CODE = YES;
				CLANG_WARN__DUPLICATE_METHOD_MATCH = YES;
				COPY_PHASE_STRIP = NO;
				DEBUG_INFORMATION_FORMAT = "dwarf-with-dsym";
				ENABLE_NS_ASSERTIONS = NO;
				ENABLE_STRICT_OBJC_MSGSEND = YES;
				GCC_C_LANGUAGE_STANDARD = gnu11;
				GCC_NO_COMMON_BLOCKS = YES;
				GCC_WARN_64_TO_32_BIT_CONVERSION = YES;
				GCC_WARN_ABOUT_RETURN_TYPE = YES_ERROR;
				GCC_WARN_UNDECLARED_SELECTOR = YES;
				GCC_WARN_UNINITIALIZED_AUTOS = YES_AGGRESSIVE;
				GCC_WARN_UNUSED_FUNCTION = YES;
				GCC_WARN_UNUSED_VARIABLE = YES;
				IPHONEOS_DEPLOYMENT_TARGET = 16.1;
				MTL_ENABLE_DEBUG_INFO = NO;
				MTL_FAST_MATH = YES;
				SDKROOT = iphoneos;
				SWIFT_COMPILATION_MODE = wholemodule;
				SWIFT_OPTIMIZATION_LEVEL = "-O";
				VALIDATE_PRODUCT = YES;
			};
			name = Release;
		};
		A9076F9F292E73F2006871DA /* Debug */ = {
			isa = XCBuildConfiguration;
			buildSettings = {
				ASSETCATALOG_COMPILER_APPICON_NAME = AppIcon;
				ASSETCATALOG_COMPILER_GLOBAL_ACCENT_COLOR_NAME = AccentColor;
				CODE_SIGN_STYLE = Automatic;
				CURRENT_PROJECT_VERSION = 1;
				DEVELOPMENT_TEAM = LJ3GN38QT5;
				GENERATE_INFOPLIST_FILE = YES;
				INFOPLIST_FILE = PersistanceToDoListProject/Info.plist;
				INFOPLIST_KEY_UIApplicationSupportsIndirectInputEvents = YES;
				INFOPLIST_KEY_UILaunchStoryboardName = LaunchScreen;
				INFOPLIST_KEY_UIMainStoryboardFile = Main;
				INFOPLIST_KEY_UISupportedInterfaceOrientations_iPad = "UIInterfaceOrientationPortrait UIInterfaceOrientationPortraitUpsideDown UIInterfaceOrientationLandscapeLeft UIInterfaceOrientationLandscapeRight";
				INFOPLIST_KEY_UISupportedInterfaceOrientations_iPhone = "UIInterfaceOrientationPortrait UIInterfaceOrientationLandscapeLeft UIInterfaceOrientationLandscapeRight";
				LD_RUNPATH_SEARCH_PATHS = (
					"$(inherited)",
					"@executable_path/Frameworks",
				);
				MARKETING_VERSION = 1.0;
				PRODUCT_BUNDLE_IDENTIFIER = com.willysapp.PersistanceToDoListProject;
				PRODUCT_NAME = "$(TARGET_NAME)";
				SUPPORTED_PLATFORMS = "iphoneos iphonesimulator";
				SUPPORTS_MACCATALYST = NO;
				SUPPORTS_MAC_DESIGNED_FOR_IPHONE_IPAD = NO;
				SWIFT_EMIT_LOC_STRINGS = YES;
				SWIFT_VERSION = 5.0;
				TARGETED_DEVICE_FAMILY = 1;
			};
			name = Debug;
		};
		A9076FA0292E73F2006871DA /* Release */ = {
			isa = XCBuildConfiguration;
			buildSettings = {
				ASSETCATALOG_COMPILER_APPICON_NAME = AppIcon;
				ASSETCATALOG_COMPILER_GLOBAL_ACCENT_COLOR_NAME = AccentColor;
				CODE_SIGN_STYLE = Automatic;
				CURRENT_PROJECT_VERSION = 1;
				DEVELOPMENT_TEAM = LJ3GN38QT5;
				GENERATE_INFOPLIST_FILE = YES;
				INFOPLIST_FILE = PersistanceToDoListProject/Info.plist;
				INFOPLIST_KEY_UIApplicationSupportsIndirectInputEvents = YES;
				INFOPLIST_KEY_UILaunchStoryboardName = LaunchScreen;
				INFOPLIST_KEY_UIMainStoryboardFile = Main;
				INFOPLIST_KEY_UISupportedInterfaceOrientations_iPad = "UIInterfaceOrientationPortrait UIInterfaceOrientationPortraitUpsideDown UIInterfaceOrientationLandscapeLeft UIInterfaceOrientationLandscapeRight";
				INFOPLIST_KEY_UISupportedInterfaceOrientations_iPhone = "UIInterfaceOrientationPortrait UIInterfaceOrientationLandscapeLeft UIInterfaceOrientationLandscapeRight";
				LD_RUNPATH_SEARCH_PATHS = (
					"$(inherited)",
					"@executable_path/Frameworks",
				);
				MARKETING_VERSION = 1.0;
				PRODUCT_BUNDLE_IDENTIFIER = com.willysapp.PersistanceToDoListProject;
				PRODUCT_NAME = "$(TARGET_NAME)";
				SUPPORTED_PLATFORMS = "iphoneos iphonesimulator";
				SUPPORTS_MACCATALYST = NO;
				SUPPORTS_MAC_DESIGNED_FOR_IPHONE_IPAD = NO;
				SWIFT_EMIT_LOC_STRINGS = YES;
				SWIFT_VERSION = 5.0;
				TARGETED_DEVICE_FAMILY = 1;
			};
			name = Release;
		};
/* End XCBuildConfiguration section */

/* Begin XCConfigurationList section */
		A9076F85292E73F1006871DA /* Build configuration list for PBXProject "PersistanceToDoListProject" */ = {
			isa = XCConfigurationList;
			buildConfigurations = (
				A9076F9C292E73F2006871DA /* Debug */,
				A9076F9D292E73F2006871DA /* Release */,
			);
			defaultConfigurationIsVisible = 0;
			defaultConfigurationName = Release;
		};
		A9076F9E292E73F2006871DA /* Build configuration list for PBXNativeTarget "PersistanceToDoListProject" */ = {
			isa = XCConfigurationList;
			buildConfigurations = (
				A9076F9F292E73F2006871DA /* Debug */,
				A9076FA0292E73F2006871DA /* Release */,
			);
			defaultConfigurationIsVisible = 0;
			defaultConfigurationName = Release;
		};
/* End XCConfigurationList section */
	};
	rootObject = A9076F82292E73F1006871DA /* Project object */;
}
